
Microsoft Visual Studio Solution File, Format Version 12.00
# Visual Studio Version 16
VisualStudioVersion = 16.0.30907.101
MinimumVisualStudioVersion = 10.0.40219.1
Project("{FAE04EC0-301F-11D3-BF4B-00C04F79EFBC}") = "ConexionASQLServer", "ConexionASQLServer\ConexionASQLServer.csproj", "{4BD769FC-CFA2-4418-BD28-A1D0B0A3ECE0}"
EndProject
Project("{FAE04EC0-301F-11D3-BF4B-00C04F79EFBC}") = "DATOS", "DATOS\DATOS.csproj", "{06AB8008-5065-4E1B-9DCF-39DE70C655B2}"
EndProject
Project("{FAE04EC0-301F-11D3-BF4B-00C04F79EFBC}") = "MODELOS", "MODELOS\MODELOS.csproj", "{26EAB4F0-BE38-46A6-B25E-176347E2ABDE}"
EndProject
Global
	GlobalSection(SolutionConfigurationPlatforms) = preSolution
		Debug|Any CPU = Debug|Any CPU
		Release|Any CPU = Release|Any CPU
	EndGlobalSection
	GlobalSection(ProjectConfigurationPlatforms) = postSolution
		{4BD769FC-CFA2-4418-BD28-A1D0B0A3ECE0}.Debug|Any CPU.ActiveCfg = Debug|Any CPU
		{4BD769FC-CFA2-4418-BD28-A1D0B0A3ECE0}.Debug|Any CPU.Build.0 = Debug|Any CPU
		{4BD769FC-CFA2-4418-BD28-A1D0B0A3ECE0}.Release|Any CPU.ActiveCfg = Release|Any CPU
		{4BD769FC-CFA2-4418-BD28-A1D0B0A3ECE0}.Release|Any CPU.Build.0 = Release|Any CPU
		{06AB8008-5065-4E1B-9DCF-39DE70C655B2}.Debug|Any CPU.ActiveCfg = Debug|Any CPU
		{06AB8008-5065-4E1B-9DCF-39DE70C655B2}.Debug|Any CPU.Build.0 = Debug|Any CPU
		{06AB8008-5065-4E1B-9DCF-39DE70C655B2}.Release|Any CPU.ActiveCfg = Release|Any CPU
		{06AB8008-5065-4E1B-9DCF-39DE70C655B2}.Release|Any CPU.Build.0 = Release|Any CPU
		{26EAB4F0-BE38-46A6-B25E-176347E2ABDE}.Debug|Any CPU.ActiveCfg = Debug|Any CPU
		{26EAB4F0-BE38-46A6-B25E-176347E2ABDE}.Debug|Any CPU.Build.0 = Debug|Any CPU
		{26EAB4F0-BE38-46A6-B25E-176347E2ABDE}.Release|Any CPU.ActiveCfg = Release|Any CPU
		{26EAB4F0-BE38-46A6-B25E-176347E2ABDE}.Release|Any CPU.Build.0 = Release|Any CPU
	EndGlobalSection
	GlobalSection(SolutionProperties) = preSolution
		HideSolutionNode = FALSE
	EndGlobalSection
	GlobalSection(ExtensibilityGlobals) = postSolution
		SolutionGuid = {407C1E19-BB30-479F-8DF5-C92FFACB6086}
	EndGlobalSection
EndGlobal
